// !$*UTF8*$!
{
	archiveVersion = 1;
	classes = {
	};
	objectVersion = 46;
	objects = {

/* Begin PBXBuildFile section */
		964104A51EA782FB00BCAE51 /* AppDelegate.swift in Sources */ = {isa = PBXBuildFile; fileRef = 964104A41EA782FB00BCAE51 /* AppDelegate.swift */; };
		964104A71EA782FB00BCAE51 /* ViewController.swift in Sources */ = {isa = PBXBuildFile; fileRef = 964104A61EA782FB00BCAE51 /* ViewController.swift */; };
		964104AA1EA782FB00BCAE51 /* Main.storyboard in Resources */ = {isa = PBXBuildFile; fileRef = 964104A81EA782FB00BCAE51 /* Main.storyboard */; };
		964104AC1EA782FB00BCAE51 /* Assets.xcassets in Resources */ = {isa = PBXBuildFile; fileRef = 964104AB1EA782FB00BCAE51 /* Assets.xcassets */; };
		964104AF1EA782FB00BCAE51 /* LaunchScreen.storyboard in Resources */ = {isa = PBXBuildFile; fileRef = 964104AD1EA782FB00BCAE51 /* LaunchScreen.storyboard */; };
		964104BE1EA79BEC00BCAE51 /* NotificationService.swift in Sources */ = {isa = PBXBuildFile; fileRef = 964104BD1EA79BEC00BCAE51 /* NotificationService.swift */; };
		964104C21EA79BEC00BCAE51 /* SwiftSofiaPNService.appex in Embed App Extensions */ = {isa = PBXBuildFile; fileRef = 964104BB1EA79BEC00BCAE51 /* SwiftSofiaPNService.appex */; settings = {ATTRIBUTES = (RemoveHeadersOnCopy, ); }; };
		964104CE1EA7CB3900BCAE51 /* UserNotifications.framework in Frameworks */ = {isa = PBXBuildFile; fileRef = 964104CD1EA7CB3900BCAE51 /* UserNotifications.framework */; };
		964104D01EA7CB3900BCAE51 /* UserNotificationsUI.framework in Frameworks */ = {isa = PBXBuildFile; fileRef = 964104CF1EA7CB3900BCAE51 /* UserNotificationsUI.framework */; };
		964104D31EA7CB3900BCAE51 /* NotificationViewController.swift in Sources */ = {isa = PBXBuildFile; fileRef = 964104D21EA7CB3900BCAE51 /* NotificationViewController.swift */; };
		964104D61EA7CB3900BCAE51 /* MainInterface.storyboard in Resources */ = {isa = PBXBuildFile; fileRef = 964104D41EA7CB3900BCAE51 /* MainInterface.storyboard */; };
		964104DA1EA7CB3900BCAE51 /* NotificationContent.appex in Embed App Extensions */ = {isa = PBXBuildFile; fileRef = 964104CB1EA7CB3900BCAE51 /* NotificationContent.appex */; settings = {ATTRIBUTES = (RemoveHeadersOnCopy, ); }; };
/* End PBXBuildFile section */

/* Begin PBXContainerItemProxy section */
		964104C01EA79BEC00BCAE51 /* PBXContainerItemProxy */ = {
			isa = PBXContainerItemProxy;
			containerPortal = 964104991EA782FA00BCAE51 /* Project object */;
			proxyType = 1;
			remoteGlobalIDString = 964104BA1EA79BEC00BCAE51;
			remoteInfo = SwiftSofiaPNService;
		};
		964104D81EA7CB3900BCAE51 /* PBXContainerItemProxy */ = {
			isa = PBXContainerItemProxy;
			containerPortal = 964104991EA782FA00BCAE51 /* Project object */;
			proxyType = 1;
			remoteGlobalIDString = 964104CA1EA7CB3900BCAE51;
			remoteInfo = NotificationContent;
		};
/* End PBXContainerItemProxy section */

/* Begin PBXCopyFilesBuildPhase section */
		964104C61EA79BEC00BCAE51 /* Embed App Extensions */ = {
			isa = PBXCopyFilesBuildPhase;
			buildActionMask = 2147483647;
			dstPath = "";
			dstSubfolderSpec = 13;
			files = (
				964104C21EA79BEC00BCAE51 /* SwiftSofiaPNService.appex in Embed App Extensions */,
				964104DA1EA7CB3900BCAE51 /* NotificationContent.appex in Embed App Extensions */,
			);
			name = "Embed App Extensions";
			runOnlyForDeploymentPostprocessing = 0;
		};
/* End PBXCopyFilesBuildPhase section */

/* Begin PBXFileReference section */
		964104A11EA782FA00BCAE51 /* SwiftSofiaPN.app */ = {isa = PBXFileReference; explicitFileType = wrapper.application; includeInIndex = 0; path = SwiftSofiaPN.app; sourceTree = BUILT_PRODUCTS_DIR; };
		964104A41EA782FB00BCAE51 /* AppDelegate.swift */ = {isa = PBXFileReference; lastKnownFileType = sourcecode.swift; path = AppDelegate.swift; sourceTree = "<group>"; };
		964104A61EA782FB00BCAE51 /* ViewController.swift */ = {isa = PBXFileReference; lastKnownFileType = sourcecode.swift; path = ViewController.swift; sourceTree = "<group>"; };
		964104A91EA782FB00BCAE51 /* Base */ = {isa = PBXFileReference; lastKnownFileType = file.storyboard; name = Base; path = Base.lproj/Main.storyboard; sourceTree = "<group>"; };
		964104AB1EA782FB00BCAE51 /* Assets.xcassets */ = {isa = PBXFileReference; lastKnownFileType = folder.assetcatalog; path = Assets.xcassets; sourceTree = "<group>"; };
		964104AE1EA782FB00BCAE51 /* Base */ = {isa = PBXFileReference; lastKnownFileType = file.storyboard; name = Base; path = Base.lproj/LaunchScreen.storyboard; sourceTree = "<group>"; };
		964104B01EA782FB00BCAE51 /* Info.plist */ = {isa = PBXFileReference; lastKnownFileType = text.plist.xml; path = Info.plist; sourceTree = "<group>"; };
		964104B61EA7831F00BCAE51 /* SwiftSofiaPN.entitlements */ = {isa = PBXFileReference; lastKnownFileType = text.plist.entitlements; path = SwiftSofiaPN.entitlements; sourceTree = "<group>"; };
		964104BB1EA79BEC00BCAE51 /* SwiftSofiaPNService.appex */ = {isa = PBXFileReference; explicitFileType = "wrapper.app-extension"; includeInIndex = 0; path = SwiftSofiaPNService.appex; sourceTree = BUILT_PRODUCTS_DIR; };
		964104BD1EA79BEC00BCAE51 /* NotificationService.swift */ = {isa = PBXFileReference; lastKnownFileType = sourcecode.swift; path = NotificationService.swift; sourceTree = "<group>"; };
		964104BF1EA79BEC00BCAE51 /* Info.plist */ = {isa = PBXFileReference; lastKnownFileType = text.plist.xml; path = Info.plist; sourceTree = "<group>"; };
		964104CB1EA7CB3900BCAE51 /* NotificationContent.appex */ = {isa = PBXFileReference; explicitFileType = "wrapper.app-extension"; includeInIndex = 0; path = NotificationContent.appex; sourceTree = BUILT_PRODUCTS_DIR; };
		964104CD1EA7CB3900BCAE51 /* UserNotifications.framework */ = {isa = PBXFileReference; lastKnownFileType = wrapper.framework; name = UserNotifications.framework; path = System/Library/Frameworks/UserNotifications.framework; sourceTree = SDKROOT; };
		964104CF1EA7CB3900BCAE51 /* UserNotificationsUI.framework */ = {isa = PBXFileReference; lastKnownFileType = wrapper.framework; name = UserNotificationsUI.framework; path = System/Library/Frameworks/UserNotificationsUI.framework; sourceTree = SDKROOT; };
		964104D21EA7CB3900BCAE51 /* NotificationViewController.swift */ = {isa = PBXFileReference; lastKnownFileType = sourcecode.swift; path = NotificationViewController.swift; sourceTree = "<group>"; };
		964104D51EA7CB3900BCAE51 /* Base */ = {isa = PBXFileReference; lastKnownFileType = file.storyboard; name = Base; path = Base.lproj/MainInterface.storyboard; sourceTree = "<group>"; };
		964104D71EA7CB3900BCAE51 /* Info.plist */ = {isa = PBXFileReference; lastKnownFileType = text.plist.xml; path = Info.plist; sourceTree = "<group>"; };
/* End PBXFileReference section */

/* Begin PBXFrameworksBuildPhase section */
		9641049E1EA782FA00BCAE51 /* Frameworks */ = {
			isa = PBXFrameworksBuildPhase;
			buildActionMask = 2147483647;
			files = (
			);
			runOnlyForDeploymentPostprocessing = 0;
		};
		964104B81EA79BEC00BCAE51 /* Frameworks */ = {
			isa = PBXFrameworksBuildPhase;
			buildActionMask = 2147483647;
			files = (
			);
			runOnlyForDeploymentPostprocessing = 0;
		};
		964104C81EA7CB3900BCAE51 /* Frameworks */ = {
			isa = PBXFrameworksBuildPhase;
			buildActionMask = 2147483647;
			files = (
				964104D01EA7CB3900BCAE51 /* UserNotificationsUI.framework in Frameworks */,
				964104CE1EA7CB3900BCAE51 /* UserNotifications.framework in Frameworks */,
			);
			runOnlyForDeploymentPostprocessing = 0;
		};
/* End PBXFrameworksBuildPhase section */

/* Begin PBXGroup section */
		964104981EA782FA00BCAE51 = {
			isa = PBXGroup;
			children = (
				964104A31EA782FA00BCAE51 /* SwiftSofiaPN */,
				964104BC1EA79BEC00BCAE51 /* SwiftSofiaPNService */,
				964104D11EA7CB3900BCAE51 /* NotificationContent */,
				964104CC1EA7CB3900BCAE51 /* Frameworks */,
				964104A21EA782FA00BCAE51 /* Products */,
			);
			sourceTree = "<group>";
		};
		964104A21EA782FA00BCAE51 /* Products */ = {
			isa = PBXGroup;
			children = (
				964104A11EA782FA00BCAE51 /* SwiftSofiaPN.app */,
				964104BB1EA79BEC00BCAE51 /* SwiftSofiaPNService.appex */,
				964104CB1EA7CB3900BCAE51 /* NotificationContent.appex */,
			);
			name = Products;
			sourceTree = "<group>";
		};
		964104A31EA782FA00BCAE51 /* SwiftSofiaPN */ = {
			isa = PBXGroup;
			children = (
				964104B61EA7831F00BCAE51 /* SwiftSofiaPN.entitlements */,
				964104A41EA782FB00BCAE51 /* AppDelegate.swift */,
				964104A61EA782FB00BCAE51 /* ViewController.swift */,
				964104A81EA782FB00BCAE51 /* Main.storyboard */,
				964104AB1EA782FB00BCAE51 /* Assets.xcassets */,
				964104AD1EA782FB00BCAE51 /* LaunchScreen.storyboard */,
				964104B01EA782FB00BCAE51 /* Info.plist */,
			);
			path = SwiftSofiaPN;
			sourceTree = "<group>";
		};
		964104BC1EA79BEC00BCAE51 /* SwiftSofiaPNService */ = {
			isa = PBXGroup;
			children = (
				964104BD1EA79BEC00BCAE51 /* NotificationService.swift */,
				964104BF1EA79BEC00BCAE51 /* Info.plist */,
			);
			path = SwiftSofiaPNService;
			sourceTree = "<group>";
		};
		964104CC1EA7CB3900BCAE51 /* Frameworks */ = {
			isa = PBXGroup;
			children = (
				964104CD1EA7CB3900BCAE51 /* UserNotifications.framework */,
				964104CF1EA7CB3900BCAE51 /* UserNotificationsUI.framework */,
			);
			name = Frameworks;
			sourceTree = "<group>";
		};
		964104D11EA7CB3900BCAE51 /* NotificationContent */ = {
			isa = PBXGroup;
			children = (
				964104D21EA7CB3900BCAE51 /* NotificationViewController.swift */,
				964104D41EA7CB3900BCAE51 /* MainInterface.storyboard */,
				964104D71EA7CB3900BCAE51 /* Info.plist */,
			);
			path = NotificationContent;
			sourceTree = "<group>";
		};
/* End PBXGroup section */

/* Begin PBXNativeTarget section */
		964104A01EA782FA00BCAE51 /* SwiftSofiaPN */ = {
			isa = PBXNativeTarget;
			buildConfigurationList = 964104B31EA782FB00BCAE51 /* Build configuration list for PBXNativeTarget "SwiftSofiaPN" */;
			buildPhases = (
				9641049D1EA782FA00BCAE51 /* Sources */,
				9641049E1EA782FA00BCAE51 /* Frameworks */,
				9641049F1EA782FA00BCAE51 /* Resources */,
				964104C61EA79BEC00BCAE51 /* Embed App Extensions */,
			);
			buildRules = (
			);
			dependencies = (
				964104C11EA79BEC00BCAE51 /* PBXTargetDependency */,
				964104D91EA7CB3900BCAE51 /* PBXTargetDependency */,
			);
			name = SwiftSofiaPN;
			productName = SwiftSofiaPN;
			productReference = 964104A11EA782FA00BCAE51 /* SwiftSofiaPN.app */;
			productType = "com.apple.product-type.application";
		};
		964104BA1EA79BEC00BCAE51 /* SwiftSofiaPNService */ = {
			isa = PBXNativeTarget;
			buildConfigurationList = 964104C31EA79BEC00BCAE51 /* Build configuration list for PBXNativeTarget "SwiftSofiaPNService" */;
			buildPhases = (
				964104B71EA79BEC00BCAE51 /* Sources */,
				964104B81EA79BEC00BCAE51 /* Frameworks */,
				964104B91EA79BEC00BCAE51 /* Resources */,
			);
			buildRules = (
			);
			dependencies = (
			);
			name = SwiftSofiaPNService;
			productName = SwiftSofiaPNService;
			productReference = 964104BB1EA79BEC00BCAE51 /* SwiftSofiaPNService.appex */;
			productType = "com.apple.product-type.app-extension";
		};
		964104CA1EA7CB3900BCAE51 /* NotificationContent */ = {
			isa = PBXNativeTarget;
			buildConfigurationList = 964104DB1EA7CB3900BCAE51 /* Build configuration list for PBXNativeTarget "NotificationContent" */;
			buildPhases = (
				964104C71EA7CB3900BCAE51 /* Sources */,
				964104C81EA7CB3900BCAE51 /* Frameworks */,
				964104C91EA7CB3900BCAE51 /* Resources */,
			);
			buildRules = (
			);
			dependencies = (
			);
			name = NotificationContent;
			productName = NotificationContent;
			productReference = 964104CB1EA7CB3900BCAE51 /* NotificationContent.appex */;
			productType = "com.apple.product-type.app-extension";
		};
/* End PBXNativeTarget section */

/* Begin PBXProject section */
		964104991EA782FA00BCAE51 /* Project object */ = {
			isa = PBXProject;
			attributes = {
				LastSwiftUpdateCheck = 0820;
				LastUpgradeCheck = 1020;
				ORGANIZATIONNAME = Centroida;
				TargetAttributes = {
					964104A01EA782FA00BCAE51 = {
						CreatedOnToolsVersion = 8.2;
						DevelopmentTeam = 46CT5D4L8X;
						ProvisioningStyle = Automatic;
						SystemCapabilities = {
							com.apple.Push = {
								enabled = 0;
							};
						};
					};
					964104BA1EA79BEC00BCAE51 = {
						CreatedOnToolsVersion = 8.2;
						DevelopmentTeam = 46CT5D4L8X;
						ProvisioningStyle = Automatic;
					};
					964104CA1EA7CB3900BCAE51 = {
						CreatedOnToolsVersion = 8.2;
						DevelopmentTeam = 46CT5D4L8X;
						ProvisioningStyle = Automatic;
					};
				};
			};
			buildConfigurationList = 9641049C1EA782FA00BCAE51 /* Build configuration list for PBXProject "SwiftSofiaPN" */;
			compatibilityVersion = "Xcode 3.2";
			developmentRegion = en;
			hasScannedForEncodings = 0;
			knownRegions = (
				en,
				Base,
			);
			mainGroup = 964104981EA782FA00BCAE51;
			productRefGroup = 964104A21EA782FA00BCAE51 /* Products */;
			projectDirPath = "";
			projectRoot = "";
			targets = (
				964104A01EA782FA00BCAE51 /* SwiftSofiaPN */,
				964104BA1EA79BEC00BCAE51 /* SwiftSofiaPNService */,
				964104CA1EA7CB3900BCAE51 /* NotificationContent */,
			);
		};
/* End PBXProject section */

/* Begin PBXResourcesBuildPhase section */
		9641049F1EA782FA00BCAE51 /* Resources */ = {
			isa = PBXResourcesBuildPhase;
			buildActionMask = 2147483647;
			files = (
				964104AF1EA782FB00BCAE51 /* LaunchScreen.storyboard in Resources */,
				964104AC1EA782FB00BCAE51 /* Assets.xcassets in Resources */,
				964104AA1EA782FB00BCAE51 /* Main.storyboard in Resources */,
			);
			runOnlyForDeploymentPostprocessing = 0;
		};
		964104B91EA79BEC00BCAE51 /* Resources */ = {
			isa = PBXResourcesBuildPhase;
			buildActionMask = 2147483647;
			files = (
			);
			runOnlyForDeploymentPostprocessing = 0;
		};
		964104C91EA7CB3900BCAE51 /* Resources */ = {
			isa = PBXResourcesBuildPhase;
			buildActionMask = 2147483647;
			files = (
				964104D61EA7CB3900BCAE51 /* MainInterface.storyboard in Resources */,
			);
			runOnlyForDeploymentPostprocessing = 0;
		};
/* End PBXResourcesBuildPhase section */

/* Begin PBXSourcesBuildPhase section */
		9641049D1EA782FA00BCAE51 /* Sources */ = {
			isa = PBXSourcesBuildPhase;
			buildActionMask = 2147483647;
			files = (
				964104A71EA782FB00BCAE51 /* ViewController.swift in Sources */,
				964104A51EA782FB00BCAE51 /* AppDelegate.swift in Sources */,
			);
			runOnlyForDeploymentPostprocessing = 0;
		};
		964104B71EA79BEC00BCAE51 /* Sources */ = {
			isa = PBXSourcesBuildPhase;
			buildActionMask = 2147483647;
			files = (
				964104BE1EA79BEC00BCAE51 /* NotificationService.swift in Sources */,
			);
			runOnlyForDeploymentPostprocessing = 0;
		};
		964104C71EA7CB3900BCAE51 /* Sources */ = {
			isa = PBXSourcesBuildPhase;
			buildActionMask = 2147483647;
			files = (
				964104D31EA7CB3900BCAE51 /* NotificationViewController.swift in Sources */,
			);
			runOnlyForDeploymentPostprocessing = 0;
		};
/* End PBXSourcesBuildPhase section */

/* Begin PBXTargetDependency section */
		964104C11EA79BEC00BCAE51 /* PBXTargetDependency */ = {
			isa = PBXTargetDependency;
			target = 964104BA1EA79BEC00BCAE51 /* SwiftSofiaPNService */;
			targetProxy = 964104C01EA79BEC00BCAE51 /* PBXContainerItemProxy */;
		};
		964104D91EA7CB3900BCAE51 /* PBXTargetDependency */ = {
			isa = PBXTargetDependency;
			target = 964104CA1EA7CB3900BCAE51 /* NotificationContent */;
			targetProxy = 964104D81EA7CB3900BCAE51 /* PBXContainerItemProxy */;
		};
/* End PBXTargetDependency section */

/* Begin PBXVariantGroup section */
		964104A81EA782FB00BCAE51 /* Main.storyboard */ = {
			isa = PBXVariantGroup;
			children = (
				964104A91EA782FB00BCAE51 /* Base */,
			);
			name = Main.storyboard;
			sourceTree = "<group>";
		};
		964104AD1EA782FB00BCAE51 /* LaunchScreen.storyboard */ = {
			isa = PBXVariantGroup;
			children = (
				964104AE1EA782FB00BCAE51 /* Base */,
			);
			name = LaunchScreen.storyboard;
			sourceTree = "<group>";
		};
		964104D41EA7CB3900BCAE51 /* MainInterface.storyboard */ = {
			isa = PBXVariantGroup;
			children = (
				964104D51EA7CB3900BCAE51 /* Base */,
			);
			name = MainInterface.storyboard;
			sourceTree = "<group>";
		};
/* End PBXVariantGroup section */

/* Begin XCBuildConfiguration section */
		964104B11EA782FB00BCAE51 /* Debug */ = {
			isa = XCBuildConfiguration;
			buildSettings = {
				ALWAYS_SEARCH_USER_PATHS = NO;
				CLANG_ANALYZER_NONNULL = YES;
				CLANG_CXX_LANGUAGE_STANDARD = "gnu++0x";
				CLANG_CXX_LIBRARY = "libc++";
				CLANG_ENABLE_MODULES = YES;
				CLANG_ENABLE_OBJC_ARC = YES;
				CLANG_WARN_BLOCK_CAPTURE_AUTORELEASING = YES;
				CLANG_WARN_BOOL_CONVERSION = YES;
				CLANG_WARN_COMMA = YES;
				CLANG_WARN_CONSTANT_CONVERSION = YES;
				CLANG_WARN_DEPRECATED_OBJC_IMPLEMENTATIONS = YES;
				CLANG_WARN_DIRECT_OBJC_ISA_USAGE = YES_ERROR;
				CLANG_WARN_DOCUMENTATION_COMMENTS = YES;
				CLANG_WARN_EMPTY_BODY = YES;
				CLANG_WARN_ENUM_CONVERSION = YES;
				CLANG_WARN_INFINITE_RECURSION = YES;
				CLANG_WARN_INT_CONVERSION = YES;
				CLANG_WARN_NON_LITERAL_NULL_CONVERSION = YES;
				CLANG_WARN_OBJC_IMPLICIT_RETAIN_SELF = YES;
				CLANG_WARN_OBJC_LITERAL_CONVERSION = YES;
				CLANG_WARN_OBJC_ROOT_CLASS = YES_ERROR;
				CLANG_WARN_RANGE_LOOP_ANALYSIS = YES;
				CLANG_WARN_STRICT_PROTOTYPES = YES;
				CLANG_WARN_SUSPICIOUS_MOVE = YES;
				CLANG_WARN_UNREACHABLE_CODE = YES;
				CLANG_WARN__DUPLICATE_METHOD_MATCH = YES;
				"CODE_SIGN_IDENTITY[sdk=iphoneos*]" = "iPhone Developer";
				COPY_PHASE_STRIP = NO;
				DEBUG_INFORMATION_FORMAT = dwarf;
				ENABLE_STRICT_OBJC_MSGSEND = YES;
				ENABLE_TESTABILITY = YES;
				GCC_C_LANGUAGE_STANDARD = gnu99;
				GCC_DYNAMIC_NO_PIC = NO;
				GCC_NO_COMMON_BLOCKS = YES;
				GCC_OPTIMIZATION_LEVEL = 0;
				GCC_PREPROCESSOR_DEFINITIONS = (
					"DEBUG=1",
					"$(inherited)",
				);
				GCC_WARN_64_TO_32_BIT_CONVERSION = YES;
				GCC_WARN_ABOUT_RETURN_TYPE = YES_ERROR;
				GCC_WARN_UNDECLARED_SELECTOR = YES;
				GCC_WARN_UNINITIALIZED_AUTOS = YES_AGGRESSIVE;
				GCC_WARN_UNUSED_FUNCTION = YES;
				GCC_WARN_UNUSED_VARIABLE = YES;
				IPHONEOS_DEPLOYMENT_TARGET = 10.2;
				MTL_ENABLE_DEBUG_INFO = YES;
				ONLY_ACTIVE_ARCH = YES;
				SDKROOT = iphoneos;
				SWIFT_ACTIVE_COMPILATION_CONDITIONS = DEBUG;
				SWIFT_OPTIMIZATION_LEVEL = "-Onone";
				TARGETED_DEVICE_FAMILY = "1,2";
			};
			name = Debug;
		};
		964104B21EA782FB00BCAE51 /* Release */ = {
			isa = XCBuildConfiguration;
			buildSettings = {
				ALWAYS_SEARCH_USER_PATHS = NO;
				CLANG_ANALYZER_NONNULL = YES;
				CLANG_CXX_LANGUAGE_STANDARD = "gnu++0x";
				CLANG_CXX_LIBRARY = "libc++";
				CLANG_ENABLE_MODULES = YES;
				CLANG_ENABLE_OBJC_ARC = YES;
				CLANG_WARN_BLOCK_CAPTURE_AUTORELEASING = YES;
				CLANG_WARN_BOOL_CONVERSION = YES;
				CLANG_WARN_COMMA = YES;
				CLANG_WARN_CONSTANT_CONVERSION = YES;
				CLANG_WARN_DEPRECATED_OBJC_IMPLEMENTATIONS = YES;
				CLANG_WARN_DIRECT_OBJC_ISA_USAGE = YES_ERROR;
				CLANG_WARN_DOCUMENTATION_COMMENTS = YES;
				CLANG_WARN_EMPTY_BODY = YES;
				CLANG_WARN_ENUM_CONVERSION = YES;
				CLANG_WARN_INFINITE_RECURSION = YES;
				CLANG_WARN_INT_CONVERSION = YES;
				CLANG_WARN_NON_LITERAL_NULL_CONVERSION = YES;
				CLANG_WARN_OBJC_IMPLICIT_RETAIN_SELF = YES;
				CLANG_WARN_OBJC_LITERAL_CONVERSION = YES;
				CLANG_WARN_OBJC_ROOT_CLASS = YES_ERROR;
				CLANG_WARN_RANGE_LOOP_ANALYSIS = YES;
				CLANG_WARN_STRICT_PROTOTYPES = YES;
				CLANG_WARN_SUSPICIOUS_MOVE = YES;
				CLANG_WARN_UNREACHABLE_CODE = YES;
				CLANG_WARN__DUPLICATE_METHOD_MATCH = YES;
				"CODE_SIGN_IDENTITY[sdk=iphoneos*]" = "iPhone Developer";
				COPY_PHASE_STRIP = NO;
				DEBUG_INFORMATION_FORMAT = "dwarf-with-dsym";
				ENABLE_NS_ASSERTIONS = NO;
				ENABLE_STRICT_OBJC_MSGSEND = YES;
				GCC_C_LANGUAGE_STANDARD = gnu99;
				GCC_NO_COMMON_BLOCKS = YES;
				GCC_WARN_64_TO_32_BIT_CONVERSION = YES;
				GCC_WARN_ABOUT_RETURN_TYPE = YES_ERROR;
				GCC_WARN_UNDECLARED_SELECTOR = YES;
				GCC_WARN_UNINITIALIZED_AUTOS = YES_AGGRESSIVE;
				GCC_WARN_UNUSED_FUNCTION = YES;
				GCC_WARN_UNUSED_VARIABLE = YES;
				IPHONEOS_DEPLOYMENT_TARGET = 10.2;
				MTL_ENABLE_DEBUG_INFO = NO;
				SDKROOT = iphoneos;
				SWIFT_OPTIMIZATION_LEVEL = "-Owholemodule";
				TARGETED_DEVICE_FAMILY = "1,2";
				VALIDATE_PRODUCT = YES;
			};
			name = Release;
		};
		964104B41EA782FB00BCAE51 /* Debug */ = {
			isa = XCBuildConfiguration;
			buildSettings = {
				ALWAYS_EMBED_SWIFT_STANDARD_LIBRARIES = YES;
				ASSETCATALOG_COMPILER_APPICON_NAME = AppIcon;
				DEVELOPMENT_TEAM = 46CT5D4L8X;
				INFOPLIST_FILE = SwiftSofiaPN/Info.plist;
				LD_RUNPATH_SEARCH_PATHS = "$(inherited) @executable_path/Frameworks";
				PRODUCT_BUNDLE_IDENTIFIER = veronika.hristozova.SwiftSofiaPN;
				PRODUCT_NAME = "$(TARGET_NAME)";
				SWIFT_VERSION = 5.0;
			};
			name = Debug;
		};
		964104B51EA782FB00BCAE51 /* Release */ = {
			isa = XCBuildConfiguration;
			buildSettings = {
				ALWAYS_EMBED_SWIFT_STANDARD_LIBRARIES = YES;
				ASSETCATALOG_COMPILER_APPICON_NAME = AppIcon;
				DEVELOPMENT_TEAM = 46CT5D4L8X;
				INFOPLIST_FILE = SwiftSofiaPN/Info.plist;
				LD_RUNPATH_SEARCH_PATHS = "$(inherited) @executable_path/Frameworks";
				PRODUCT_BUNDLE_IDENTIFIER = veronika.hristozova.SwiftSofiaPN;
				PRODUCT_NAME = "$(TARGET_NAME)";
				SWIFT_VERSION = 5.0;
			};
			name = Release;
		};
		964104C41EA79BEC00BCAE51 /* Debug */ = {
			isa = XCBuildConfiguration;
			buildSettings = {
				DEVELOPMENT_TEAM = 46CT5D4L8X;
				INFOPLIST_FILE = SwiftSofiaPNService/Info.plist;
				LD_RUNPATH_SEARCH_PATHS = "$(inherited) @executable_path/Frameworks @executable_path/../../Frameworks";
				PRODUCT_BUNDLE_IDENTIFIER = veronika.hristozova.SwiftSofiaPN.SwiftSofiaPNService;
				PRODUCT_NAME = "$(TARGET_NAME)";
				SKIP_INSTALL = YES;
				SWIFT_VERSION = 5.0;
			};
			name = Debug;
		};
		964104C51EA79BEC00BCAE51 /* Release */ = {
			isa = XCBuildConfiguration;
			buildSettings = {
				DEVELOPMENT_TEAM = 46CT5D4L8X;
				INFOPLIST_FILE = SwiftSofiaPNService/Info.plist;
				LD_RUNPATH_SEARCH_PATHS = "$(inherited) @executable_path/Frameworks @executable_path/../../Frameworks";
				PRODUCT_BUNDLE_IDENTIFIER = veronika.hristozova.SwiftSofiaPN.SwiftSofiaPNService;
				PRODUCT_NAME = "$(TARGET_NAME)";
				SKIP_INSTALL = YES;
				SWIFT_VERSION = 5.0;
			};
			name = Release;
		};
		964104DC1EA7CB3900BCAE51 /* Debug */ = {
			isa = XCBuildConfiguration;
			buildSettings = {
				DEVELOPMENT_TEAM = 46CT5D4L8X;
				INFOPLIST_FILE = NotificationContent/Info.plist;
				LD_RUNPATH_SEARCH_PATHS = "$(inherited) @executable_path/Frameworks @executable_path/../../Frameworks";
				PRODUCT_BUNDLE_IDENTIFIER = veronika.hristozova.SwiftSofiaPN.NotificationContent;
				PRODUCT_NAME = "$(TARGET_NAME)";
				SKIP_INSTALL = YES;
				SWIFT_VERSION = 5.0;
			};
			name = Debug;
		};
		964104DD1EA7CB3900BCAE51 /* Release */ = {
			isa = XCBuildConfiguration;
			buildSettings = {
				DEVELOPMENT_TEAM = 46CT5D4L8X;
				INFOPLIST_FILE = NotificationContent/Info.plist;
				LD_RUNPATH_SEARCH_PATHS = "$(inherited) @executable_path/Frameworks @executable_path/../../Frameworks";
				PRODUCT_BUNDLE_IDENTIFIER = veronika.hristozova.SwiftSofiaPN.NotificationContent;
				PRODUCT_NAME = "$(TARGET_NAME)";
				SKIP_INSTALL = YES;
				SWIFT_VERSION = 5.0;
			};
			name = Release;
		};
/* End XCBuildConfiguration section */

/* Begin XCConfigurationList section */
		9641049C1EA782FA00BCAE51 /* Build configuration list for PBXProject "SwiftSofiaPN" */ = {
			isa = XCConfigurationList;
			buildConfigurations = (
				964104B11EA782FB00BCAE51 /* Debug */,
				964104B21EA782FB00BCAE51 /* Release */,
			);
			defaultConfigurationIsVisible = 0;
			defaultConfigurationName = Release;
		};
		964104B31EA782FB00BCAE51 /* Build configuration list for PBXNativeTarget "SwiftSofiaPN" */ = {
			isa = XCConfigurationList;
			buildConfigurations = (
				964104B41EA782FB00BCAE51 /* Debug */,
				964104B51EA782FB00BCAE51 /* Release */,
			);
			defaultConfigurationIsVisible = 0;
			defaultConfigurationName = Release;
		};
		964104C31EA79BEC00BCAE51 /* Build configuration list for PBXNativeTarget "SwiftSofiaPNService" */ = {
			isa = XCConfigurationList;
			buildConfigurations = (
				964104C41EA79BEC00BCAE51 /* Debug */,
				964104C51EA79BEC00BCAE51 /* Release */,
			);
			defaultConfigurationIsVisible = 0;
			defaultConfigurationName = Release;
		};
		964104DB1EA7CB3900BCAE51 /* Build configuration list for PBXNativeTarget "NotificationContent" */ = {
			isa = XCConfigurationList;
			buildConfigurations = (
				964104DC1EA7CB3900BCAE51 /* Debug */,
				964104DD1EA7CB3900BCAE51 /* Release */,
			);
			defaultConfigurationIsVisible = 0;
			defaultConfigurationName = Release;
		};
/* End XCConfigurationList section */
	};
	rootObject = 964104991EA782FA00BCAE51 /* Project object */;
}
